
Microsoft Visual Studio Solution File, Format Version 12.00
# Visual Studio Version 17
VisualStudioVersion = 17.10.35201.131
MinimumVisualStudioVersion = 10.0.40219.1
Project("{9A19103F-16F7-4668-BE54-9A1E7A4F7556}") = "SUSUProgramming.MusicDownloader", "SUSUProgramming.MusicDownloader\SUSUProgramming.MusicDownloader.csproj", "{F5C73244-DB9B-453D-82B2-C9F58D651F10}"
EndProject
Project("{9A19103F-16F7-4668-BE54-9A1E7A4F7556}") = "SUSUProgramming.MusicDownloader.Desktop", "SUSUProgramming.MusicDownloader.Desktop\SUSUProgramming.MusicDownloader.Desktop.csproj", "{397B9E36-1004-4A9F-B16A-90E94F3CD2CB}"
EndProject
Project("{9A19103F-16F7-4668-BE54-9A1E7A4F7556}") = "SUSUProgramming.Tests", "SUSUProgramming.Tests\SUSUProgramming.Tests.csproj", "{3C061116-BF8B-455A-AE35-2AE02EB658A4}"
EndProject
Project("{9A19103F-16F7-4668-BE54-9A1E7A4F7556}") = "VkNet.AudioBypassService", "VkNet.AudioBypassService\VkNet.AudioBypassService.csproj", "{1D3ADE7D-5F7E-4D39-81AF-7D4E814A071B}"
EndProject
Global
	GlobalSection(SolutionConfigurationPlatforms) = preSolution
		Debug|Any CPU = Debug|Any CPU
		Debug|ARM64 = Debug|ARM64
		Debug|x64 = Debug|x64
		Debug|x86 = Debug|x86
		Release|Any CPU = Release|Any CPU
		Release|ARM64 = Release|ARM64
		Release|x64 = Release|x64
		Release|x86 = Release|x86
	EndGlobalSection
	GlobalSection(ProjectConfigurationPlatforms) = postSolution
		{F5C73244-DB9B-453D-82B2-C9F58D651F10}.Debug|Any CPU.ActiveCfg = Debug|Any CPU
		{F5C73244-DB9B-453D-82B2-C9F58D651F10}.Debug|Any CPU.Build.0 = Debug|Any CPU
		{F5C73244-DB9B-453D-82B2-C9F58D651F10}.Debug|ARM64.ActiveCfg = Debug|Any CPU
		{F5C73244-DB9B-453D-82B2-C9F58D651F10}.Debug|ARM64.Build.0 = Debug|Any CPU
		{F5C73244-DB9B-453D-82B2-C9F58D651F10}.Debug|x64.ActiveCfg = Debug|Any CPU
		{F5C73244-DB9B-453D-82B2-C9F58D651F10}.Debug|x64.Build.0 = Debug|Any CPU
		{F5C73244-DB9B-453D-82B2-C9F58D651F10}.Debug|x86.ActiveCfg = Debug|Any CPU
		{F5C73244-DB9B-453D-82B2-C9F58D651F10}.Debug|x86.Build.0 = Debug|Any CPU
		{F5C73244-DB9B-453D-82B2-C9F58D651F10}.Release|Any CPU.ActiveCfg = Release|Any CPU
		{F5C73244-DB9B-453D-82B2-C9F58D651F10}.Release|Any CPU.Build.0 = Release|Any CPU
		{F5C73244-DB9B-453D-82B2-C9F58D651F10}.Release|ARM64.ActiveCfg = Release|Any CPU
		{F5C73244-DB9B-453D-82B2-C9F58D651F10}.Release|ARM64.Build.0 = Release|Any CPU
		{F5C73244-DB9B-453D-82B2-C9F58D651F10}.Release|x64.ActiveCfg = Release|Any CPU
		{F5C73244-DB9B-453D-82B2-C9F58D651F10}.Release|x64.Build.0 = Release|Any CPU
		{F5C73244-DB9B-453D-82B2-C9F58D651F10}.Release|x86.ActiveCfg = Release|Any CPU
		{F5C73244-DB9B-453D-82B2-C9F58D651F10}.Release|x86.Build.0 = Release|Any CPU
		{397B9E36-1004-4A9F-B16A-90E94F3CD2CB}.Debug|Any CPU.ActiveCfg = Debug|Any CPU
		{397B9E36-1004-4A9F-B16A-90E94F3CD2CB}.Debug|Any CPU.Build.0 = Debug|Any CPU
		{397B9E36-1004-4A9F-B16A-90E94F3CD2CB}.Debug|ARM64.ActiveCfg = Debug|Any CPU
		{397B9E36-1004-4A9F-B16A-90E94F3CD2CB}.Debug|ARM64.Build.0 = Debug|Any CPU
		{397B9E36-1004-4A9F-B16A-90E94F3CD2CB}.Debug|x64.ActiveCfg = Debug|Any CPU
		{397B9E36-1004-4A9F-B16A-90E94F3CD2CB}.Debug|x64.Build.0 = Debug|Any CPU
		{397B9E36-1004-4A9F-B16A-90E94F3CD2CB}.Debug|x86.ActiveCfg = Debug|Any CPU
		{397B9E36-1004-4A9F-B16A-90E94F3CD2CB}.Debug|x86.Build.0 = Debug|Any CPU
		{397B9E36-1004-4A9F-B16A-90E94F3CD2CB}.Release|Any CPU.ActiveCfg = Release|Any CPU
		{397B9E36-1004-4A9F-B16A-90E94F3CD2CB}.Release|Any CPU.Build.0 = Release|Any CPU
		{397B9E36-1004-4A9F-B16A-90E94F3CD2CB}.Release|ARM64.ActiveCfg = Release|Any CPU
		{397B9E36-1004-4A9F-B16A-90E94F3CD2CB}.Release|ARM64.Build.0 = Release|Any CPU
		{397B9E36-1004-4A9F-B16A-90E94F3CD2CB}.Release|x64.ActiveCfg = Release|Any CPU
		{397B9E36-1004-4A9F-B16A-90E94F3CD2CB}.Release|x64.Build.0 = Release|Any CPU
		{397B9E36-1004-4A9F-B16A-90E94F3CD2CB}.Release|x86.ActiveCfg = Release|Any CPU
		{397B9E36-1004-4A9F-B16A-90E94F3CD2CB}.Release|x86.Build.0 = Release|Any CPU
		{3C061116-BF8B-455A-AE35-2AE02EB658A4}.Debug|Any CPU.ActiveCfg = Debug|Any CPU
		{3C061116-BF8B-455A-AE35-2AE02EB658A4}.Debug|Any CPU.Build.0 = Debug|Any CPU
		{3C061116-BF8B-455A-AE35-2AE02EB658A4}.Debug|ARM64.ActiveCfg = Debug|Any CPU
		{3C061116-BF8B-455A-AE35-2AE02EB658A4}.Debug|ARM64.Build.0 = Debug|Any CPU
		{3C061116-BF8B-455A-AE35-2AE02EB658A4}.Debug|x64.ActiveCfg = Debug|Any CPU
		{3C061116-BF8B-455A-AE35-2AE02EB658A4}.Debug|x64.Build.0 = Debug|Any CPU
		{3C061116-BF8B-455A-AE35-2AE02EB658A4}.Debug|x86.ActiveCfg = Debug|Any CPU
		{3C061116-BF8B-455A-AE35-2AE02EB658A4}.Debug|x86.Build.0 = Debug|Any CPU
		{3C061116-BF8B-455A-AE35-2AE02EB658A4}.Release|Any CPU.ActiveCfg = Release|Any CPU
		{3C061116-BF8B-455A-AE35-2AE02EB658A4}.Release|Any CPU.Build.0 = Release|Any CPU
		{3C061116-BF8B-455A-AE35-2AE02EB658A4}.Release|ARM64.ActiveCfg = Release|Any CPU
		{3C061116-BF8B-455A-AE35-2AE02EB658A4}.Release|ARM64.Build.0 = Release|Any CPU
		{3C061116-BF8B-455A-AE35-2AE02EB658A4}.Release|x64.ActiveCfg = Release|Any CPU
		{3C061116-BF8B-455A-AE35-2AE02EB658A4}.Release|x64.Build.0 = Release|Any CPU
		{3C061116-BF8B-455A-AE35-2AE02EB658A4}.Release|x86.ActiveCfg = Release|Any CPU
		{3C061116-BF8B-455A-AE35-2AE02EB658A4}.Release|x86.Build.0 = Release|Any CPU
		{1D3ADE7D-5F7E-4D39-81AF-7D4E814A071B}.Debug|Any CPU.ActiveCfg = Debug|Any CPU
		{1D3ADE7D-5F7E-4D39-81AF-7D4E814A071B}.Debug|Any CPU.Build.0 = Debug|Any CPU
		{1D3ADE7D-5F7E-4D39-81AF-7D4E814A071B}.Debug|ARM64.ActiveCfg = Debug|Any CPU
		{1D3ADE7D-5F7E-4D39-81AF-7D4E814A071B}.Debug|ARM64.Build.0 = Debug|Any CPU
		{1D3ADE7D-5F7E-4D39-81AF-7D4E814A071B}.Debug|x64.ActiveCfg = Debug|Any CPU
		{1D3ADE7D-5F7E-4D39-81AF-7D4E814A071B}.Debug|x64.Build.0 = Debug|Any CPU
		{1D3ADE7D-5F7E-4D39-81AF-7D4E814A071B}.Debug|x86.ActiveCfg = Debug|Any CPU
		{1D3ADE7D-5F7E-4D39-81AF-7D4E814A071B}.Debug|x86.Build.0 = Debug|Any CPU
		{1D3ADE7D-5F7E-4D39-81AF-7D4E814A071B}.Release|Any CPU.ActiveCfg = Release|Any CPU
		{1D3ADE7D-5F7E-4D39-81AF-7D4E814A071B}.Release|Any CPU.Build.0 = Release|Any CPU
		{1D3ADE7D-5F7E-4D39-81AF-7D4E814A071B}.Release|ARM64.ActiveCfg = Release|Any CPU
		{1D3ADE7D-5F7E-4D39-81AF-7D4E814A071B}.Release|ARM64.Build.0 = Release|Any CPU
		{1D3ADE7D-5F7E-4D39-81AF-7D4E814A071B}.Release|x64.ActiveCfg = Release|Any CPU
		{1D3ADE7D-5F7E-4D39-81AF-7D4E814A071B}.Release|x64.Build.0 = Release|Any CPU
		{1D3ADE7D-5F7E-4D39-81AF-7D4E814A071B}.Release|x86.ActiveCfg = Release|Any CPU
		{1D3ADE7D-5F7E-4D39-81AF-7D4E814A071B}.Release|x86.Build.0 = Release|Any CPU
	EndGlobalSection
	GlobalSection(SolutionProperties) = preSolution
		HideSolutionNode = FALSE
	EndGlobalSection
	GlobalSection(ExtensibilityGlobals) = postSolution
		SolutionGuid = {68A671A3-C5CB-4E35-9843-E3E263CAC777}
	EndGlobalSection
EndGlobal
